
Microsoft Visual Studio Solution File, Format Version 12.00
# Visual Studio Version 17
VisualStudioVersion = 17.12.35527.113 d17.12
MinimumVisualStudioVersion = 10.0.40219.1
Project("{FAE04EC0-301F-11D3-BF4B-00C04F79EFBC}") = "CH5SelfPractice", "CH5SelfPractice\CH5SelfPractice.csproj", "{1200FB7F-F696-4E68-B1E8-A07741E6EEAD}"
EndProject
Global
	GlobalSection(SolutionConfigurationPlatforms) = preSolution
		Debug|Any CPU = Debug|Any CPU
		Release|Any CPU = Release|Any CPU
	EndGlobalSection
	GlobalSection(ProjectConfigurationPlatforms) = postSolution
		{1200FB7F-F696-4E68-B1E8-A07741E6EEAD}.Debug|Any CPU.ActiveCfg = Debug|Any CPU
		{1200FB7F-F696-4E68-B1E8-A07741E6EEAD}.Debug|Any CPU.Build.0 = Debug|Any CPU
		{1200FB7F-F696-4E68-B1E8-A07741E6EEAD}.Release|Any CPU.ActiveCfg = Release|Any CPU
		{1200FB7F-F696-4E68-B1E8-A07741E6EEAD}.Release|Any CPU.Build.0 = Release|Any CPU
	EndGlobalSection
	GlobalSection(SolutionProperties) = preSolution
		HideSolutionNode = FALSE
	EndGlobalSection
EndGlobal
